
Microsoft Visual Studio Solution File, Format Version 12.00
# Visual Studio Version 16
VisualStudioVersion = 16.0.31112.23
MinimumVisualStudioVersion = 10.0.40219.1
Project("{FAE04EC0-301F-11D3-BF4B-00C04F79EFBC}") = "App1.Android", "App1\App1.Android\App1.Android.csproj", "{2A40314D-4FF9-45C3-8B9C-1B1EBA1F372F}"
EndProject
Project("{FAE04EC0-301F-11D3-BF4B-00C04F79EFBC}") = "App1.iOS", "App1\App1.iOS\App1.iOS.csproj", "{F6A57363-4516-4B23-88CC-7321450B76DC}"
EndProject
Project("{9A19103F-16F7-4668-BE54-9A1E7A4F7556}") = "App1", "App1\App1\App1.csproj", "{F583160B-0D31-491C-9C85-5ACEE901902B}"
EndProject
Project("{FAE04EC0-301F-11D3-BF4B-00C04F79EFBC}") = "mPhoneApp.Android", "mPhoneApp\mPhoneApp.Android\mPhoneApp.Android.csproj", "{F39B7F9F-42FA-4898-8D48-B7D1F224720E}"
EndProject
Project("{FAE04EC0-301F-11D3-BF4B-00C04F79EFBC}") = "mPhoneApp.iOS", "mPhoneApp\mPhoneApp.iOS\mPhoneApp.iOS.csproj", "{FA64564C-CB95-4864-AEAD-10A90267D9C2}"
EndProject
Project("{FAE04EC0-301F-11D3-BF4B-00C04F79EFBC}") = "mPhoneApp", "mPhoneApp\mPhoneApp\mPhoneApp.csproj", "{586F5111-151F-4CC0-91DA-457255BB0ED2}"
EndProject
Global
	GlobalSection(SolutionConfigurationPlatforms) = preSolution
		Debug|Any CPU = Debug|Any CPU
		Debug|iPhone = Debug|iPhone
		Debug|iPhoneSimulator = Debug|iPhoneSimulator
		Release|Any CPU = Release|Any CPU
		Release|iPhone = Release|iPhone
		Release|iPhoneSimulator = Release|iPhoneSimulator
	EndGlobalSection
	GlobalSection(ProjectConfigurationPlatforms) = postSolution
		{2A40314D-4FF9-45C3-8B9C-1B1EBA1F372F}.Debug|Any CPU.ActiveCfg = Debug|Any CPU
		{2A40314D-4FF9-45C3-8B9C-1B1EBA1F372F}.Debug|Any CPU.Build.0 = Debug|Any CPU
		{2A40314D-4FF9-45C3-8B9C-1B1EBA1F372F}.Debug|Any CPU.Deploy.0 = Debug|Any CPU
		{2A40314D-4FF9-45C3-8B9C-1B1EBA1F372F}.Debug|iPhone.ActiveCfg = Debug|Any CPU
		{2A40314D-4FF9-45C3-8B9C-1B1EBA1F372F}.Debug|iPhone.Build.0 = Debug|Any CPU
		{2A40314D-4FF9-45C3-8B9C-1B1EBA1F372F}.Debug|iPhone.Deploy.0 = Debug|Any CPU
		{2A40314D-4FF9-45C3-8B9C-1B1EBA1F372F}.Debug|iPhoneSimulator.ActiveCfg = Debug|Any CPU
		{2A40314D-4FF9-45C3-8B9C-1B1EBA1F372F}.Debug|iPhoneSimulator.Build.0 = Debug|Any CPU
		{2A40314D-4FF9-45C3-8B9C-1B1EBA1F372F}.Debug|iPhoneSimulator.Deploy.0 = Debug|Any CPU
		{2A40314D-4FF9-45C3-8B9C-1B1EBA1F372F}.Release|Any CPU.ActiveCfg = Release|Any CPU
		{2A40314D-4FF9-45C3-8B9C-1B1EBA1F372F}.Release|Any CPU.Build.0 = Release|Any CPU
		{2A40314D-4FF9-45C3-8B9C-1B1EBA1F372F}.Release|Any CPU.Deploy.0 = Release|Any CPU
		{2A40314D-4FF9-45C3-8B9C-1B1EBA1F372F}.Release|iPhone.ActiveCfg = Release|Any CPU
		{2A40314D-4FF9-45C3-8B9C-1B1EBA1F372F}.Release|iPhone.Build.0 = Release|Any CPU
		{2A40314D-4FF9-45C3-8B9C-1B1EBA1F372F}.Release|iPhone.Deploy.0 = Release|Any CPU
		{2A40314D-4FF9-45C3-8B9C-1B1EBA1F372F}.Release|iPhoneSimulator.ActiveCfg = Release|Any CPU
		{2A40314D-4FF9-45C3-8B9C-1B1EBA1F372F}.Release|iPhoneSimulator.Build.0 = Release|Any CPU
		{2A40314D-4FF9-45C3-8B9C-1B1EBA1F372F}.Release|iPhoneSimulator.Deploy.0 = Release|Any CPU
		{F6A57363-4516-4B23-88CC-7321450B76DC}.Debug|Any CPU.ActiveCfg = Debug|iPhone
		{F6A57363-4516-4B23-88CC-7321450B76DC}.Debug|Any CPU.Build.0 = Debug|iPhone
		{F6A57363-4516-4B23-88CC-7321450B76DC}.Debug|Any CPU.Deploy.0 = Debug|iPhone
		{F6A57363-4516-4B23-88CC-7321450B76DC}.Debug|iPhone.ActiveCfg = Debug|iPhone
		{F6A57363-4516-4B23-88CC-7321450B76DC}.Debug|iPhone.Build.0 = Debug|iPhone
		{F6A57363-4516-4B23-88CC-7321450B76DC}.Debug|iPhone.Deploy.0 = Debug|iPhone
		{F6A57363-4516-4B23-88CC-7321450B76DC}.Debug|iPhoneSimulator.ActiveCfg = Debug|iPhoneSimulator
		{F6A57363-4516-4B23-88CC-7321450B76DC}.Debug|iPhoneSimulator.Build.0 = Debug|iPhoneSimulator
		{F6A57363-4516-4B23-88CC-7321450B76DC}.Debug|iPhoneSimulator.Deploy.0 = Debug|iPhoneSimulator
		{F6A57363-4516-4B23-88CC-7321450B76DC}.Release|Any CPU.ActiveCfg = Release|iPhoneSimulator
		{F6A57363-4516-4B23-88CC-7321450B76DC}.Release|Any CPU.Build.0 = Release|iPhoneSimulator
		{F6A57363-4516-4B23-88CC-7321450B76DC}.Release|Any CPU.Deploy.0 = Release|iPhoneSimulator
		{F6A57363-4516-4B23-88CC-7321450B76DC}.Release|iPhone.ActiveCfg = Release|iPhone
		{F6A57363-4516-4B23-88CC-7321450B76DC}.Release|iPhone.Build.0 = Release|iPhone
		{F6A57363-4516-4B23-88CC-7321450B76DC}.Release|iPhone.Deploy.0 = Release|iPhone
		{F6A57363-4516-4B23-88CC-7321450B76DC}.Release|iPhoneSimulator.ActiveCfg = Release|iPhoneSimulator
		{F6A57363-4516-4B23-88CC-7321450B76DC}.Release|iPhoneSimulator.Build.0 = Release|iPhoneSimulator
		{F6A57363-4516-4B23-88CC-7321450B76DC}.Release|iPhoneSimulator.Deploy.0 = Release|iPhoneSimulator
		{F583160B-0D31-491C-9C85-5ACEE901902B}.Debug|Any CPU.ActiveCfg = Debug|Any CPU
		{F583160B-0D31-491C-9C85-5ACEE901902B}.Debug|Any CPU.Build.0 = Debug|Any CPU
		{F583160B-0D31-491C-9C85-5ACEE901902B}.Debug|Any CPU.Deploy.0 = Debug|Any CPU
		{F583160B-0D31-491C-9C85-5ACEE901902B}.Debug|iPhone.ActiveCfg = Debug|Any CPU
		{F583160B-0D31-491C-9C85-5ACEE901902B}.Debug|iPhone.Build.0 = Debug|Any CPU
		{F583160B-0D31-491C-9C85-5ACEE901902B}.Debug|iPhone.Deploy.0 = Debug|Any CPU
		{F583160B-0D31-491C-9C85-5ACEE901902B}.Debug|iPhoneSimulator.ActiveCfg = Debug|Any CPU
		{F583160B-0D31-491C-9C85-5ACEE901902B}.Debug|iPhoneSimulator.Build.0 = Debug|Any CPU
		{F583160B-0D31-491C-9C85-5ACEE901902B}.Debug|iPhoneSimulator.Deploy.0 = Debug|Any CPU
		{F583160B-0D31-491C-9C85-5ACEE901902B}.Release|Any CPU.ActiveCfg = Release|Any CPU
		{F583160B-0D31-491C-9C85-5ACEE901902B}.Release|Any CPU.Build.0 = Release|Any CPU
		{F583160B-0D31-491C-9C85-5ACEE901902B}.Release|Any CPU.Deploy.0 = Release|Any CPU
		{F583160B-0D31-491C-9C85-5ACEE901902B}.Release|iPhone.ActiveCfg = Release|Any CPU
		{F583160B-0D31-491C-9C85-5ACEE901902B}.Release|iPhone.Build.0 = Release|Any CPU
		{F583160B-0D31-491C-9C85-5ACEE901902B}.Release|iPhone.Deploy.0 = Release|Any CPU
		{F583160B-0D31-491C-9C85-5ACEE901902B}.Release|iPhoneSimulator.ActiveCfg = Release|Any CPU
		{F583160B-0D31-491C-9C85-5ACEE901902B}.Release|iPhoneSimulator.Build.0 = Release|Any CPU
		{F583160B-0D31-491C-9C85-5ACEE901902B}.Release|iPhoneSimulator.Deploy.0 = Release|Any CPU
		{F39B7F9F-42FA-4898-8D48-B7D1F224720E}.Debug|Any CPU.ActiveCfg = Debug|Any CPU
		{F39B7F9F-42FA-4898-8D48-B7D1F224720E}.Debug|Any CPU.Build.0 = Debug|Any CPU
		{F39B7F9F-42FA-4898-8D48-B7D1F224720E}.Debug|Any CPU.Deploy.0 = Debug|Any CPU
		{F39B7F9F-42FA-4898-8D48-B7D1F224720E}.Debug|iPhone.ActiveCfg = Debug|Any CPU
		{F39B7F9F-42FA-4898-8D48-B7D1F224720E}.Debug|iPhone.Build.0 = Debug|Any CPU
		{F39B7F9F-42FA-4898-8D48-B7D1F224720E}.Debug|iPhone.Deploy.0 = Debug|Any CPU
		{F39B7F9F-42FA-4898-8D48-B7D1F224720E}.Debug|iPhoneSimulator.ActiveCfg = Debug|Any CPU
		{F39B7F9F-42FA-4898-8D48-B7D1F224720E}.Debug|iPhoneSimulator.Build.0 = Debug|Any CPU
		{F39B7F9F-42FA-4898-8D48-B7D1F224720E}.Debug|iPhoneSimulator.Deploy.0 = Debug|Any CPU
		{F39B7F9F-42FA-4898-8D48-B7D1F224720E}.Release|Any CPU.ActiveCfg = Release|Any CPU
		{F39B7F9F-42FA-4898-8D48-B7D1F224720E}.Release|Any CPU.Build.0 = Release|Any CPU
		{F39B7F9F-42FA-4898-8D48-B7D1F224720E}.Release|Any CPU.Deploy.0 = Release|Any CPU
		{F39B7F9F-42FA-4898-8D48-B7D1F224720E}.Release|iPhone.ActiveCfg = Release|Any CPU
		{F39B7F9F-42FA-4898-8D48-B7D1F224720E}.Release|iPhone.Build.0 = Release|Any CPU
		{F39B7F9F-42FA-4898-8D48-B7D1F224720E}.Release|iPhone.Deploy.0 = Release|Any CPU
		{F39B7F9F-42FA-4898-8D48-B7D1F224720E}.Release|iPhoneSimulator.ActiveCfg = Release|Any CPU
		{F39B7F9F-42FA-4898-8D48-B7D1F224720E}.Release|iPhoneSimulator.Build.0 = Release|Any CPU
		{F39B7F9F-42FA-4898-8D48-B7D1F224720E}.Release|iPhoneSimulator.Deploy.0 = Release|Any CPU
		{FA64564C-CB95-4864-AEAD-10A90267D9C2}.Debug|Any CPU.ActiveCfg = Debug|iPhoneSimulator
		{FA64564C-CB95-4864-AEAD-10A90267D9C2}.Debug|iPhone.ActiveCfg = Debug|iPhone
		{FA64564C-CB95-4864-AEAD-10A90267D9C2}.Debug|iPhone.Build.0 = Debug|iPhone
		{FA64564C-CB95-4864-AEAD-10A90267D9C2}.Debug|iPhoneSimulator.ActiveCfg = Debug|iPhoneSimulator
		{FA64564C-CB95-4864-AEAD-10A90267D9C2}.Debug|iPhoneSimulator.Build.0 = Debug|iPhoneSimulator
		{FA64564C-CB95-4864-AEAD-10A90267D9C2}.Release|Any CPU.ActiveCfg = Release|iPhoneSimulator
		{FA64564C-CB95-4864-AEAD-10A90267D9C2}.Release|iPhone.ActiveCfg = Release|iPhone
		{FA64564C-CB95-4864-AEAD-10A90267D9C2}.Release|iPhone.Build.0 = Release|iPhone
		{FA64564C-CB95-4864-AEAD-10A90267D9C2}.Release|iPhoneSimulator.ActiveCfg = Release|iPhoneSimulator
		{FA64564C-CB95-4864-AEAD-10A90267D9C2}.Release|iPhoneSimulator.Build.0 = Release|iPhoneSimulator
		{586F5111-151F-4CC0-91DA-457255BB0ED2}.Debug|Any CPU.ActiveCfg = Debug|Any CPU
		{586F5111-151F-4CC0-91DA-457255BB0ED2}.Debug|Any CPU.Build.0 = Debug|Any CPU
		{586F5111-151F-4CC0-91DA-457255BB0ED2}.Debug|iPhone.ActiveCfg = Debug|Any CPU
		{586F5111-151F-4CC0-91DA-457255BB0ED2}.Debug|iPhone.Build.0 = Debug|Any CPU
		{586F5111-151F-4CC0-91DA-457255BB0ED2}.Debug|iPhoneSimulator.ActiveCfg = Debug|Any CPU
		{586F5111-151F-4CC0-91DA-457255BB0ED2}.Debug|iPhoneSimulator.Build.0 = Debug|Any CPU
		{586F5111-151F-4CC0-91DA-457255BB0ED2}.Release|Any CPU.ActiveCfg = Release|Any CPU
		{586F5111-151F-4CC0-91DA-457255BB0ED2}.Release|Any CPU.Build.0 = Release|Any CPU
		{586F5111-151F-4CC0-91DA-457255BB0ED2}.Release|iPhone.ActiveCfg = Release|Any CPU
		{586F5111-151F-4CC0-91DA-457255BB0ED2}.Release|iPhone.Build.0 = Release|Any CPU
		{586F5111-151F-4CC0-91DA-457255BB0ED2}.Release|iPhoneSimulator.ActiveCfg = Release|Any CPU
		{586F5111-151F-4CC0-91DA-457255BB0ED2}.Release|iPhoneSimulator.Build.0 = Release|Any CPU
	EndGlobalSection
	GlobalSection(SolutionProperties) = preSolution
		HideSolutionNode = FALSE
	EndGlobalSection
	GlobalSection(ExtensibilityGlobals) = postSolution
		SolutionGuid = {4A23F3E3-BBCB-43EE-8E68-52B73649D2F5}
	EndGlobalSection
EndGlobal
